
Microsoft Visual Studio Solution File, Format Version 12.00
# Visual Studio Version 17
VisualStudioVersion = 17.11.35327.3
MinimumVisualStudioVersion = 10.0.40219.1
Project("{FAE04EC0-301F-11D3-BF4B-00C04F79EFBC}") = "NumberLineJumps", "NumberLineJumps\NumberLineJumps.csproj", "{11779E7E-09DE-4873-9911-2D85C1041B7E}"
EndProject
Global
	GlobalSection(SolutionConfigurationPlatforms) = preSolution
		Debug|Any CPU = Debug|Any CPU
		Release|Any CPU = Release|Any CPU
	EndGlobalSection
	GlobalSection(ProjectConfigurationPlatforms) = postSolution
		{11779E7E-09DE-4873-9911-2D85C1041B7E}.Debug|Any CPU.ActiveCfg = Debug|Any CPU
		{11779E7E-09DE-4873-9911-2D85C1041B7E}.Debug|Any CPU.Build.0 = Debug|Any CPU
		{11779E7E-09DE-4873-9911-2D85C1041B7E}.Release|Any CPU.ActiveCfg = Release|Any CPU
		{11779E7E-09DE-4873-9911-2D85C1041B7E}.Release|Any CPU.Build.0 = Release|Any CPU
	EndGlobalSection
	GlobalSection(SolutionProperties) = preSolution
		HideSolutionNode = FALSE
	EndGlobalSection
	GlobalSection(ExtensibilityGlobals) = postSolution
		SolutionGuid = {D5638256-8597-48AE-9DE7-7E0EE1FB2C17}
	EndGlobalSection
EndGlobal
