
Microsoft Visual Studio Solution File, Format Version 12.00
# Visual Studio Version 17
VisualStudioVersion = 17.11.35327.3
MinimumVisualStudioVersion = 10.0.40219.1
Project("{FAE04EC0-301F-11D3-BF4B-00C04F79EFBC}") = "MinMaxSum", "MinMaxSum\MinMaxSum.csproj", "{FEC63458-F9FD-4C05-82E8-42B5590C972B}"
EndProject
Global
	GlobalSection(SolutionConfigurationPlatforms) = preSolution
		Debug|Any CPU = Debug|Any CPU
		Release|Any CPU = Release|Any CPU
	EndGlobalSection
	GlobalSection(ProjectConfigurationPlatforms) = postSolution
		{FEC63458-F9FD-4C05-82E8-42B5590C972B}.Debug|Any CPU.ActiveCfg = Debug|Any CPU
		{FEC63458-F9FD-4C05-82E8-42B5590C972B}.Debug|Any CPU.Build.0 = Debug|Any CPU
		{FEC63458-F9FD-4C05-82E8-42B5590C972B}.Release|Any CPU.ActiveCfg = Release|Any CPU
		{FEC63458-F9FD-4C05-82E8-42B5590C972B}.Release|Any CPU.Build.0 = Release|Any CPU
	EndGlobalSection
	GlobalSection(SolutionProperties) = preSolution
		HideSolutionNode = FALSE
	EndGlobalSection
	GlobalSection(ExtensibilityGlobals) = postSolution
		SolutionGuid = {D3ACE06A-DC73-4F1B-A784-1E78F5AEF1FE}
	EndGlobalSection
EndGlobal
